
Microsoft Visual Studio Solution File, Format Version 12.00
# Visual Studio 15
VisualStudioVersion = 15.0.28307.572
MinimumVisualStudioVersion = 10.0.40219.1
Project("{FAE04EC0-301F-11D3-BF4B-00C04F79EFBC}") = "PruebaPulse.BE", "PruebaPulse.BE\PruebaPulse.BE.csproj", "{F01D9856-5F8A-4E26-BC43-446823E916EB}"
EndProject
Project("{FAE04EC0-301F-11D3-BF4B-00C04F79EFBC}") = "PruebaPulse.UI", "PruebaPulse.UI\PruebaPulse.UI.csproj", "{3D17C864-BA6C-4659-855E-151681763EDC}"
EndProject
Project("{FAE04EC0-301F-11D3-BF4B-00C04F79EFBC}") = "PruebaPulse.API", "API\PruebaPulse.API.csproj", "{082C45BB-1FF5-4BE3-B32F-0BF7FD13DFE7}"
EndProject
Project("{FAE04EC0-301F-11D3-BF4B-00C04F79EFBC}") = "PruebaPulse.DAL", "PruebaPulse.DAL\PruebaPulse.DAL.csproj", "{ED78BF26-D25B-4674-B5D6-130C8B03663E}"
EndProject
Project("{FAE04EC0-301F-11D3-BF4B-00C04F79EFBC}") = "PruebaPulse.BLL", "PruebaPulse.BLL\PruebaPulse.BLL.csproj", "{D39F774C-5EBA-40C8-B18C-AE2B4CBE3605}"
EndProject
Global
	GlobalSection(SolutionConfigurationPlatforms) = preSolution
		Debug|Any CPU = Debug|Any CPU
		Release|Any CPU = Release|Any CPU
	EndGlobalSection
	GlobalSection(ProjectConfigurationPlatforms) = postSolution
		{F01D9856-5F8A-4E26-BC43-446823E916EB}.Debug|Any CPU.ActiveCfg = Debug|Any CPU
		{F01D9856-5F8A-4E26-BC43-446823E916EB}.Debug|Any CPU.Build.0 = Debug|Any CPU
		{F01D9856-5F8A-4E26-BC43-446823E916EB}.Release|Any CPU.ActiveCfg = Release|Any CPU
		{F01D9856-5F8A-4E26-BC43-446823E916EB}.Release|Any CPU.Build.0 = Release|Any CPU
		{3D17C864-BA6C-4659-855E-151681763EDC}.Debug|Any CPU.ActiveCfg = Debug|Any CPU
		{3D17C864-BA6C-4659-855E-151681763EDC}.Debug|Any CPU.Build.0 = Debug|Any CPU
		{3D17C864-BA6C-4659-855E-151681763EDC}.Release|Any CPU.ActiveCfg = Release|Any CPU
		{3D17C864-BA6C-4659-855E-151681763EDC}.Release|Any CPU.Build.0 = Release|Any CPU
		{082C45BB-1FF5-4BE3-B32F-0BF7FD13DFE7}.Debug|Any CPU.ActiveCfg = Debug|Any CPU
		{082C45BB-1FF5-4BE3-B32F-0BF7FD13DFE7}.Debug|Any CPU.Build.0 = Debug|Any CPU
		{082C45BB-1FF5-4BE3-B32F-0BF7FD13DFE7}.Release|Any CPU.ActiveCfg = Release|Any CPU
		{082C45BB-1FF5-4BE3-B32F-0BF7FD13DFE7}.Release|Any CPU.Build.0 = Release|Any CPU
		{ED78BF26-D25B-4674-B5D6-130C8B03663E}.Debug|Any CPU.ActiveCfg = Debug|Any CPU
		{ED78BF26-D25B-4674-B5D6-130C8B03663E}.Debug|Any CPU.Build.0 = Debug|Any CPU
		{ED78BF26-D25B-4674-B5D6-130C8B03663E}.Release|Any CPU.ActiveCfg = Release|Any CPU
		{ED78BF26-D25B-4674-B5D6-130C8B03663E}.Release|Any CPU.Build.0 = Release|Any CPU
		{D39F774C-5EBA-40C8-B18C-AE2B4CBE3605}.Debug|Any CPU.ActiveCfg = Debug|Any CPU
		{D39F774C-5EBA-40C8-B18C-AE2B4CBE3605}.Debug|Any CPU.Build.0 = Debug|Any CPU
		{D39F774C-5EBA-40C8-B18C-AE2B4CBE3605}.Release|Any CPU.ActiveCfg = Release|Any CPU
		{D39F774C-5EBA-40C8-B18C-AE2B4CBE3605}.Release|Any CPU.Build.0 = Release|Any CPU
	EndGlobalSection
	GlobalSection(SolutionProperties) = preSolution
		HideSolutionNode = FALSE
	EndGlobalSection
	GlobalSection(ExtensibilityGlobals) = postSolution
		SolutionGuid = {0C868356-AB5A-486B-AAC7-3C984E551244}
	EndGlobalSection
EndGlobal
